
Microsoft Visual Studio Solution File, Format Version 12.00
# Visual Studio Version 17
VisualStudioVersion = 17.1.32210.238
MinimumVisualStudioVersion = 10.0.40219.1
Project("{FAE04EC0-301F-11D3-BF4B-00C04F79EFBC}") = "DataGov_API_Intro_6", "DataGov_API_Intro_6\DataGov_API_Intro_6.csproj", "{3BBD67FC-8A2E-4A3D-9DC0-FB0E51E61C9B}"
EndProject
Global
	GlobalSection(SolutionConfigurationPlatforms) = preSolution
		Debug|Any CPU = Debug|Any CPU
		Release|Any CPU = Release|Any CPU
	EndGlobalSection
	GlobalSection(ProjectConfigurationPlatforms) = postSolution
		{3BBD67FC-8A2E-4A3D-9DC0-FB0E51E61C9B}.Debug|Any CPU.ActiveCfg = Debug|Any CPU
		{3BBD67FC-8A2E-4A3D-9DC0-FB0E51E61C9B}.Debug|Any CPU.Build.0 = Debug|Any CPU
		{3BBD67FC-8A2E-4A3D-9DC0-FB0E51E61C9B}.Release|Any CPU.ActiveCfg = Release|Any CPU
		{3BBD67FC-8A2E-4A3D-9DC0-FB0E51E61C9B}.Release|Any CPU.Build.0 = Release|Any CPU
	EndGlobalSection
	GlobalSection(SolutionProperties) = preSolution
		HideSolutionNode = FALSE
	EndGlobalSection
	GlobalSection(ExtensibilityGlobals) = postSolution
		SolutionGuid = {3E5DF134-4867-486E-BDD3-05B1B800FD5B}
	EndGlobalSection
EndGlobal
